// !$*UTF8*$!
{
	archiveVersion = 1;
	classes = {
	};
	objectVersion = 56;
	objects = {

/* Begin PBXBuildFile section */
		531635A72A0D2ACE002CD58A /* swifttutorialApp.swift in Sources */ = {isa = PBXBuildFile; fileRef = 531635A62A0D2ACE002CD58A /* swifttutorialApp.swift */; };
		531635A92A0D2ACE002CD58A /* ContentView.swift in Sources */ = {isa = PBXBuildFile; fileRef = 531635A82A0D2ACE002CD58A /* ContentView.swift */; };
		531635AB2A0D2ACF002CD58A /* Assets.xcassets in Resources */ = {isa = PBXBuildFile; fileRef = 531635AA2A0D2ACF002CD58A /* Assets.xcassets */; };
		531635AE2A0D2ACF002CD58A /* Preview Assets.xcassets in Resources */ = {isa = PBXBuildFile; fileRef = 531635AD2A0D2ACF002CD58A /* Preview Assets.xcassets */; };
		533611062A0D698B00AF8C7D /* SwiftUIView.swift in Sources */ = {isa = PBXBuildFile; fileRef = 533611052A0D698B00AF8C7D /* SwiftUIView.swift */; };
		5336110A2A0D902200AF8C7D /* MyView.swift in Sources */ = {isa = PBXBuildFile; fileRef = 533611092A0D902200AF8C7D /* MyView.swift */; };
		5336110C2A0D950600AF8C7D /* SwiftUIPickerView.swift in Sources */ = {isa = PBXBuildFile; fileRef = 5336110B2A0D950600AF8C7D /* SwiftUIPickerView.swift */; };
		5336110E2A0D978400AF8C7D /* StepperUIView.swift in Sources */ = {isa = PBXBuildFile; fileRef = 5336110D2A0D978400AF8C7D /* StepperUIView.swift */; };
		533611102A0D985E00AF8C7D /* SwiftTextUIView.swift in Sources */ = {isa = PBXBuildFile; fileRef = 5336110F2A0D985E00AF8C7D /* SwiftTextUIView.swift */; };
		533611122A0D9AD300AF8C7D /* SwiftTextFieldUIView.swift in Sources */ = {isa = PBXBuildFile; fileRef = 533611112A0D9AD300AF8C7D /* SwiftTextFieldUIView.swift */; };
		53FD3B2B2A0E6E6900B1DA84 /* SwiftUITabView.swift in Sources */ = {isa = PBXBuildFile; fileRef = 53FD3B2A2A0E6E6900B1DA84 /* SwiftUITabView.swift */; };
		53FD3B2D2A0E740E00B1DA84 /* SwiftUIgesturesView.swift in Sources */ = {isa = PBXBuildFile; fileRef = 53FD3B2C2A0E740E00B1DA84 /* SwiftUIgesturesView.swift */; };
		53FD3B352A0E821D00B1DA84 /* SwiftUIImageView.swift in Sources */ = {isa = PBXBuildFile; fileRef = 53FD3B342A0E821D00B1DA84 /* SwiftUIImageView.swift */; };
		53FD3B392A0E86E800B1DA84 /* SwiftUIFontsView.swift in Sources */ = {isa = PBXBuildFile; fileRef = 53FD3B382A0E86E800B1DA84 /* SwiftUIFontsView.swift */; };
		53FD3B3B2A0E870D00B1DA84 /* AlexBrush-Regular.ttf in Resources */ = {isa = PBXBuildFile; fileRef = 53FD3B3A2A0E870D00B1DA84 /* AlexBrush-Regular.ttf */; };
		53FD3B412A0E956300B1DA84 /* SwiftUIttttttttView.swift in Sources */ = {isa = PBXBuildFile; fileRef = 53FD3B402A0E956300B1DA84 /* SwiftUIttttttttView.swift */; };
		53FD3B432A0EB0C700B1DA84 /* Renewable Energy.pdf in Resources */ = {isa = PBXBuildFile; fileRef = 53FD3B422A0EB0C700B1DA84 /* Renewable Energy.pdf */; };
		53FD3B452A0EB3E400B1DA84 /* MainView.swift in Sources */ = {isa = PBXBuildFile; fileRef = 53FD3B442A0EB3E400B1DA84 /* MainView.swift */; };
		53FD3B472A0EB50100B1DA84 /* Launch Screen.storyboard in Resources */ = {isa = PBXBuildFile; fileRef = 53FD3B462A0EB50100B1DA84 /* Launch Screen.storyboard */; };
		53FD3B492A0EB58400B1DA84 /* SwiftUIsssssssView.swift in Sources */ = {isa = PBXBuildFile; fileRef = 53FD3B482A0EB58400B1DA84 /* SwiftUIsssssssView.swift */; };
		53FD3B4C2A0EBADE00B1DA84 /* ModelData.swift in Sources */ = {isa = PBXBuildFile; fileRef = 53FD3B4B2A0EBADE00B1DA84 /* ModelData.swift */; };
/* End PBXBuildFile section */

/* Begin PBXFileReference section */
		531635A32A0D2ACE002CD58A /* swifttutorial.app */ = {isa = PBXFileReference; explicitFileType = wrapper.application; includeInIndex = 0; path = swifttutorial.app; sourceTree = BUILT_PRODUCTS_DIR; };
		531635A62A0D2ACE002CD58A /* swifttutorialApp.swift */ = {isa = PBXFileReference; lastKnownFileType = sourcecode.swift; path = swifttutorialApp.swift; sourceTree = "<group>"; };
		531635A82A0D2ACE002CD58A /* ContentView.swift */ = {isa = PBXFileReference; lastKnownFileType = sourcecode.swift; path = ContentView.swift; sourceTree = "<group>"; };
		531635AA2A0D2ACF002CD58A /* Assets.xcassets */ = {isa = PBXFileReference; lastKnownFileType = folder.assetcatalog; path = Assets.xcassets; sourceTree = "<group>"; };
		531635AD2A0D2ACF002CD58A /* Preview Assets.xcassets */ = {isa = PBXFileReference; lastKnownFileType = folder.assetcatalog; path = "Preview Assets.xcassets"; sourceTree = "<group>"; };
		533611052A0D698B00AF8C7D /* SwiftUIView.swift */ = {isa = PBXFileReference; lastKnownFileType = sourcecode.swift; path = SwiftUIView.swift; sourceTree = "<group>"; };
		533611092A0D902200AF8C7D /* MyView.swift */ = {isa = PBXFileReference; lastKnownFileType = sourcecode.swift; path = MyView.swift; sourceTree = "<group>"; };
		5336110B2A0D950600AF8C7D /* SwiftUIPickerView.swift */ = {isa = PBXFileReference; lastKnownFileType = sourcecode.swift; path = SwiftUIPickerView.swift; sourceTree = "<group>"; };
		5336110D2A0D978400AF8C7D /* StepperUIView.swift */ = {isa = PBXFileReference; lastKnownFileType = sourcecode.swift; path = StepperUIView.swift; sourceTree = "<group>"; };
		5336110F2A0D985E00AF8C7D /* SwiftTextUIView.swift */ = {isa = PBXFileReference; lastKnownFileType = sourcecode.swift; path = SwiftTextUIView.swift; sourceTree = "<group>"; };
		533611112A0D9AD300AF8C7D /* SwiftTextFieldUIView.swift */ = {isa = PBXFileReference; lastKnownFileType = sourcecode.swift; path = SwiftTextFieldUIView.swift; sourceTree = "<group>"; };
		53FD3B2A2A0E6E6900B1DA84 /* SwiftUITabView.swift */ = {isa = PBXFileReference; lastKnownFileType = sourcecode.swift; path = SwiftUITabView.swift; sourceTree = "<group>"; };
		53FD3B2C2A0E740E00B1DA84 /* SwiftUIgesturesView.swift */ = {isa = PBXFileReference; lastKnownFileType = sourcecode.swift; path = SwiftUIgesturesView.swift; sourceTree = "<group>"; };
		53FD3B332A0E7EC400B1DA84 /* Info.plist */ = {isa = PBXFileReference; lastKnownFileType = text.plist; path = Info.plist; sourceTree = "<group>"; };
		53FD3B342A0E821D00B1DA84 /* SwiftUIImageView.swift */ = {isa = PBXFileReference; lastKnownFileType = sourcecode.swift; path = SwiftUIImageView.swift; sourceTree = "<group>"; };
		53FD3B382A0E86E800B1DA84 /* SwiftUIFontsView.swift */ = {isa = PBXFileReference; lastKnownFileType = sourcecode.swift; path = SwiftUIFontsView.swift; sourceTree = "<group>"; };
		53FD3B3A2A0E870D00B1DA84 /* AlexBrush-Regular.ttf */ = {isa = PBXFileReference; lastKnownFileType = file; path = "AlexBrush-Regular.ttf"; sourceTree = "<group>"; };
		53FD3B402A0E956300B1DA84 /* SwiftUIttttttttView.swift */ = {isa = PBXFileReference; lastKnownFileType = sourcecode.swift; path = SwiftUIttttttttView.swift; sourceTree = "<group>"; };
		53FD3B422A0EB0C700B1DA84 /* Renewable Energy.pdf */ = {isa = PBXFileReference; lastKnownFileType = image.pdf; path = "Renewable Energy.pdf"; sourceTree = "<group>"; };
		53FD3B442A0EB3E400B1DA84 /* MainView.swift */ = {isa = PBXFileReference; lastKnownFileType = sourcecode.swift; path = MainView.swift; sourceTree = "<group>"; };
		53FD3B462A0EB50100B1DA84 /* Launch Screen.storyboard */ = {isa = PBXFileReference; lastKnownFileType = file.storyboard; path = "Launch Screen.storyboard"; sourceTree = "<group>"; };
		53FD3B482A0EB58400B1DA84 /* SwiftUIsssssssView.swift */ = {isa = PBXFileReference; lastKnownFileType = sourcecode.swift; path = SwiftUIsssssssView.swift; sourceTree = "<group>"; };
		53FD3B4A2A0EBAA900B1DA84 /* animalData.json */ = {isa = PBXFileReference; lastKnownFileType = text.json; path = animalData.json; sourceTree = "<group>"; };
		53FD3B4B2A0EBADE00B1DA84 /* ModelData.swift */ = {isa = PBXFileReference; lastKnownFileType = sourcecode.swift; path = ModelData.swift; sourceTree = "<group>"; };
/* End PBXFileReference section */

/* Begin PBXFrameworksBuildPhase section */
		531635A02A0D2ACE002CD58A /* Frameworks */ = {
			isa = PBXFrameworksBuildPhase;
			buildActionMask = 2147483647;
			files = (
			);
			runOnlyForDeploymentPostprocessing = 0;
		};
/* End PBXFrameworksBuildPhase section */

/* Begin PBXGroup section */
		5316359A2A0D2ACD002CD58A = {
			isa = PBXGroup;
			children = (
				531635A52A0D2ACE002CD58A /* swifttutorial */,
				531635A42A0D2ACE002CD58A /* Products */,
			);
			sourceTree = "<group>";
		};
		531635A42A0D2ACE002CD58A /* Products */ = {
			isa = PBXGroup;
			children = (
				531635A32A0D2ACE002CD58A /* swifttutorial.app */,
			);
			name = Products;
			sourceTree = "<group>";
		};
		531635A52A0D2ACE002CD58A /* swifttutorial */ = {
			isa = PBXGroup;
			children = (
				53FD3B4B2A0EBADE00B1DA84 /* ModelData.swift */,
				53FD3B4A2A0EBAA900B1DA84 /* animalData.json */,
				53FD3B422A0EB0C700B1DA84 /* Renewable Energy.pdf */,
				53FD3B372A0E86C700B1DA84 /* MyFonts */,
				53FD3B332A0E7EC400B1DA84 /* Info.plist */,
				531635A62A0D2ACE002CD58A /* swifttutorialApp.swift */,
				533611112A0D9AD300AF8C7D /* SwiftTextFieldUIView.swift */,
				53FD3B462A0EB50100B1DA84 /* Launch Screen.storyboard */,
				53FD3B402A0E956300B1DA84 /* SwiftUIttttttttView.swift */,
				533611052A0D698B00AF8C7D /* SwiftUIView.swift */,
				5336110B2A0D950600AF8C7D /* SwiftUIPickerView.swift */,
				53FD3B2A2A0E6E6900B1DA84 /* SwiftUITabView.swift */,
				53FD3B482A0EB58400B1DA84 /* SwiftUIsssssssView.swift */,
				53FD3B442A0EB3E400B1DA84 /* MainView.swift */,
				53FD3B342A0E821D00B1DA84 /* SwiftUIImageView.swift */,
				53FD3B382A0E86E800B1DA84 /* SwiftUIFontsView.swift */,
				53FD3B2C2A0E740E00B1DA84 /* SwiftUIgesturesView.swift */,
				5336110D2A0D978400AF8C7D /* StepperUIView.swift */,
				5336110F2A0D985E00AF8C7D /* SwiftTextUIView.swift */,
				533611092A0D902200AF8C7D /* MyView.swift */,
				531635A82A0D2ACE002CD58A /* ContentView.swift */,
				531635AA2A0D2ACF002CD58A /* Assets.xcassets */,
				531635AC2A0D2ACF002CD58A /* Preview Content */,
			);
			path = swifttutorial;
			sourceTree = "<group>";
		};
		531635AC2A0D2ACF002CD58A /* Preview Content */ = {
			isa = PBXGroup;
			children = (
				531635AD2A0D2ACF002CD58A /* Preview Assets.xcassets */,
			);
			path = "Preview Content";
			sourceTree = "<group>";
		};
		53FD3B372A0E86C700B1DA84 /* MyFonts */ = {
			isa = PBXGroup;
			children = (
				53FD3B3A2A0E870D00B1DA84 /* AlexBrush-Regular.ttf */,
			);
			path = MyFonts;
			sourceTree = "<group>";
		};
/* End PBXGroup section */

/* Begin PBXNativeTarget section */
		531635A22A0D2ACE002CD58A /* swifttutorial */ = {
			isa = PBXNativeTarget;
			buildConfigurationList = 531635B12A0D2ACF002CD58A /* Build configuration list for PBXNativeTarget "swifttutorial" */;
			buildPhases = (
				5316359F2A0D2ACE002CD58A /* Sources */,
				531635A02A0D2ACE002CD58A /* Frameworks */,
				531635A12A0D2ACE002CD58A /* Resources */,
			);
			buildRules = (
			);
			dependencies = (
			);
			name = swifttutorial;
			productName = swifttutorial;
			productReference = 531635A32A0D2ACE002CD58A /* swifttutorial.app */;
			productType = "com.apple.product-type.application";
		};
/* End PBXNativeTarget section */

/* Begin PBXProject section */
		5316359B2A0D2ACD002CD58A /* Project object */ = {
			isa = PBXProject;
			attributes = {
				BuildIndependentTargetsInParallel = 1;
				LastSwiftUpdateCheck = 1420;
				LastUpgradeCheck = 1420;
				TargetAttributes = {
					531635A22A0D2ACE002CD58A = {
						CreatedOnToolsVersion = 14.2;
					};
				};
			};
			buildConfigurationList = 5316359E2A0D2ACD002CD58A /* Build configuration list for PBXProject "swifttutorial" */;
			compatibilityVersion = "Xcode 14.0";
			developmentRegion = en;
			hasScannedForEncodings = 0;
			knownRegions = (
				en,
				Base,
			);
			mainGroup = 5316359A2A0D2ACD002CD58A;
			productRefGroup = 531635A42A0D2ACE002CD58A /* Products */;
			projectDirPath = "";
			projectRoot = "";
			targets = (
				531635A22A0D2ACE002CD58A /* swifttutorial */,
			);
		};
/* End PBXProject section */

/* Begin PBXResourcesBuildPhase section */
		531635A12A0D2ACE002CD58A /* Resources */ = {
			isa = PBXResourcesBuildPhase;
			buildActionMask = 2147483647;
			files = (
				531635AE2A0D2ACF002CD58A /* Preview Assets.xcassets in Resources */,
				53FD3B3B2A0E870D00B1DA84 /* AlexBrush-Regular.ttf in Resources */,
				531635AB2A0D2ACF002CD58A /* Assets.xcassets in Resources */,
				53FD3B472A0EB50100B1DA84 /* Launch Screen.storyboard in Resources */,
				53FD3B432A0EB0C700B1DA84 /* Renewable Energy.pdf in Resources */,
			);
			runOnlyForDeploymentPostprocessing = 0;
		};
/* End PBXResourcesBuildPhase section */

/* Begin PBXSourcesBuildPhase section */
		5316359F2A0D2ACE002CD58A /* Sources */ = {
			isa = PBXSourcesBuildPhase;
			buildActionMask = 2147483647;
			files = (
				53FD3B492A0EB58400B1DA84 /* SwiftUIsssssssView.swift in Sources */,
				5336110E2A0D978400AF8C7D /* StepperUIView.swift in Sources */,
				53FD3B452A0EB3E400B1DA84 /* MainView.swift in Sources */,
				5336110C2A0D950600AF8C7D /* SwiftUIPickerView.swift in Sources */,
				53FD3B412A0E956300B1DA84 /* SwiftUIttttttttView.swift in Sources */,
				53FD3B4C2A0EBADE00B1DA84 /* ModelData.swift in Sources */,
				53FD3B2D2A0E740E00B1DA84 /* SwiftUIgesturesView.swift in Sources */,
				5336110A2A0D902200AF8C7D /* MyView.swift in Sources */,
				533611102A0D985E00AF8C7D /* SwiftTextUIView.swift in Sources */,
				53FD3B392A0E86E800B1DA84 /* SwiftUIFontsView.swift in Sources */,
				53FD3B2B2A0E6E6900B1DA84 /* SwiftUITabView.swift in Sources */,
				533611122A0D9AD300AF8C7D /* SwiftTextFieldUIView.swift in Sources */,
				531635A92A0D2ACE002CD58A /* ContentView.swift in Sources */,
				531635A72A0D2ACE002CD58A /* swifttutorialApp.swift in Sources */,
				533611062A0D698B00AF8C7D /* SwiftUIView.swift in Sources */,
				53FD3B352A0E821D00B1DA84 /* SwiftUIImageView.swift in Sources */,
			);
			runOnlyForDeploymentPostprocessing = 0;
		};
/* End PBXSourcesBuildPhase section */

/* Begin XCBuildConfiguration section */
		531635AF2A0D2ACF002CD58A /* Debug */ = {
			isa = XCBuildConfiguration;
			buildSettings = {
				ALWAYS_SEARCH_USER_PATHS = NO;
				CLANG_ANALYZER_NONNULL = YES;
				CLANG_ANALYZER_NUMBER_OBJECT_CONVERSION = YES_AGGRESSIVE;
				CLANG_CXX_LANGUAGE_STANDARD = "gnu++20";
				CLANG_ENABLE_MODULES = YES;
				CLANG_ENABLE_OBJC_ARC = YES;
				CLANG_ENABLE_OBJC_WEAK = YES;
				CLANG_WARN_BLOCK_CAPTURE_AUTORELEASING = YES;
				CLANG_WARN_BOOL_CONVERSION = YES;
				CLANG_WARN_COMMA = YES;
				CLANG_WARN_CONSTANT_CONVERSION = YES;
				CLANG_WARN_DEPRECATED_OBJC_IMPLEMENTATIONS = YES;
				CLANG_WARN_DIRECT_OBJC_ISA_USAGE = YES_ERROR;
				CLANG_WARN_DOCUMENTATION_COMMENTS = YES;
				CLANG_WARN_EMPTY_BODY = YES;
				CLANG_WARN_ENUM_CONVERSION = YES;
				CLANG_WARN_INFINITE_RECURSION = YES;
				CLANG_WARN_INT_CONVERSION = YES;
				CLANG_WARN_NON_LITERAL_NULL_CONVERSION = YES;
				CLANG_WARN_OBJC_IMPLICIT_RETAIN_SELF = YES;
				CLANG_WARN_OBJC_LITERAL_CONVERSION = YES;
				CLANG_WARN_OBJC_ROOT_CLASS = YES_ERROR;
				CLANG_WARN_QUOTED_INCLUDE_IN_FRAMEWORK_HEADER = YES;
				CLANG_WARN_RANGE_LOOP_ANALYSIS = YES;
				CLANG_WARN_STRICT_PROTOTYPES = YES;
				CLANG_WARN_SUSPICIOUS_MOVE = YES;
				CLANG_WARN_UNGUARDED_AVAILABILITY = YES_AGGRESSIVE;
				CLANG_WARN_UNREACHABLE_CODE = YES;
				CLANG_WARN__DUPLICATE_METHOD_MATCH = YES;
				COPY_PHASE_STRIP = NO;
				DEBUG_INFORMATION_FORMAT = dwarf;
				ENABLE_STRICT_OBJC_MSGSEND = YES;
				ENABLE_TESTABILITY = YES;
				GCC_C_LANGUAGE_STANDARD = gnu11;
				GCC_DYNAMIC_NO_PIC = NO;
				GCC_NO_COMMON_BLOCKS = YES;
				GCC_OPTIMIZATION_LEVEL = 0;
				GCC_PREPROCESSOR_DEFINITIONS = (
					"DEBUG=1",
					"$(inherited)",
				);
				GCC_WARN_64_TO_32_BIT_CONVERSION = YES;
				GCC_WARN_ABOUT_RETURN_TYPE = YES_ERROR;
				GCC_WARN_UNDECLARED_SELECTOR = YES;
				GCC_WARN_UNINITIALIZED_AUTOS = YES_AGGRESSIVE;
				GCC_WARN_UNUSED_FUNCTION = YES;
				GCC_WARN_UNUSED_VARIABLE = YES;
				IPHONEOS_DEPLOYMENT_TARGET = 16.2;
				MTL_ENABLE_DEBUG_INFO = INCLUDE_SOURCE;
				MTL_FAST_MATH = YES;
				ONLY_ACTIVE_ARCH = YES;
				SDKROOT = iphoneos;
				SWIFT_ACTIVE_COMPILATION_CONDITIONS = DEBUG;
				SWIFT_OPTIMIZATION_LEVEL = "-Onone";
			};
			name = Debug;
		};
		531635B02A0D2ACF002CD58A /* Release */ = {
			isa = XCBuildConfiguration;
			buildSettings = {
				ALWAYS_SEARCH_USER_PATHS = NO;
				CLANG_ANALYZER_NONNULL = YES;
				CLANG_ANALYZER_NUMBER_OBJECT_CONVERSION = YES_AGGRESSIVE;
				CLANG_CXX_LANGUAGE_STANDARD = "gnu++20";
				CLANG_ENABLE_MODULES = YES;
				CLANG_ENABLE_OBJC_ARC = YES;
				CLANG_ENABLE_OBJC_WEAK = YES;
				CLANG_WARN_BLOCK_CAPTURE_AUTORELEASING = YES;
				CLANG_WARN_BOOL_CONVERSION = YES;
				CLANG_WARN_COMMA = YES;
				CLANG_WARN_CONSTANT_CONVERSION = YES;
				CLANG_WARN_DEPRECATED_OBJC_IMPLEMENTATIONS = YES;
				CLANG_WARN_DIRECT_OBJC_ISA_USAGE = YES_ERROR;
				CLANG_WARN_DOCUMENTATION_COMMENTS = YES;
				CLANG_WARN_EMPTY_BODY = YES;
				CLANG_WARN_ENUM_CONVERSION = YES;
				CLANG_WARN_INFINITE_RECURSION = YES;
				CLANG_WARN_INT_CONVERSION = YES;
				CLANG_WARN_NON_LITERAL_NULL_CONVERSION = YES;
				CLANG_WARN_OBJC_IMPLICIT_RETAIN_SELF = YES;
				CLANG_WARN_OBJC_LITERAL_CONVERSION = YES;
				CLANG_WARN_OBJC_ROOT_CLASS = YES_ERROR;
				CLANG_WARN_QUOTED_INCLUDE_IN_FRAMEWORK_HEADER = YES;
				CLANG_WARN_RANGE_LOOP_ANALYSIS = YES;
				CLANG_WARN_STRICT_PROTOTYPES = YES;
				CLANG_WARN_SUSPICIOUS_MOVE = YES;
				CLANG_WARN_UNGUARDED_AVAILABILITY = YES_AGGRESSIVE;
				CLANG_WARN_UNREACHABLE_CODE = YES;
				CLANG_WARN__DUPLICATE_METHOD_MATCH = YES;
				COPY_PHASE_STRIP = NO;
				DEBUG_INFORMATION_FORMAT = "dwarf-with-dsym";
				ENABLE_NS_ASSERTIONS = NO;
				ENABLE_STRICT_OBJC_MSGSEND = YES;
				GCC_C_LANGUAGE_STANDARD = gnu11;
				GCC_NO_COMMON_BLOCKS = YES;
				GCC_WARN_64_TO_32_BIT_CONVERSION = YES;
				GCC_WARN_ABOUT_RETURN_TYPE = YES_ERROR;
				GCC_WARN_UNDECLARED_SELECTOR = YES;
				GCC_WARN_UNINITIALIZED_AUTOS = YES_AGGRESSIVE;
				GCC_WARN_UNUSED_FUNCTION = YES;
				GCC_WARN_UNUSED_VARIABLE = YES;
				IPHONEOS_DEPLOYMENT_TARGET = 16.2;
				MTL_ENABLE_DEBUG_INFO = NO;
				MTL_FAST_MATH = YES;
				SDKROOT = iphoneos;
				SWIFT_COMPILATION_MODE = wholemodule;
				SWIFT_OPTIMIZATION_LEVEL = "-O";
				VALIDATE_PRODUCT = YES;
			};
			name = Release;
		};
		531635B22A0D2ACF002CD58A /* Debug */ = {
			isa = XCBuildConfiguration;
			buildSettings = {
				ASSETCATALOG_COMPILER_APPICON_NAME = AppIcon;
				ASSETCATALOG_COMPILER_GLOBAL_ACCENT_COLOR_NAME = AccentColor;
				CODE_SIGN_STYLE = Automatic;
				CURRENT_PROJECT_VERSION = 1;
				DEVELOPMENT_ASSET_PATHS = "\"swifttutorial/Preview Content\"";
				ENABLE_PREVIEWS = YES;
				GENERATE_INFOPLIST_FILE = YES;
				INFOPLIST_FILE = swifttutorial/Info.plist;
				INFOPLIST_KEY_UIApplicationSceneManifest_Generation = YES;
				INFOPLIST_KEY_UIApplicationSupportsIndirectInputEvents = YES;
				INFOPLIST_KEY_UILaunchScreen_Generation = YES;
				INFOPLIST_KEY_UILaunchStoryboardName = "Launch Screen.storyboard";
				INFOPLIST_KEY_UISupportedInterfaceOrientations_iPad = "UIInterfaceOrientationPortrait UIInterfaceOrientationPortraitUpsideDown UIInterfaceOrientationLandscapeLeft UIInterfaceOrientationLandscapeRight";
				INFOPLIST_KEY_UISupportedInterfaceOrientations_iPhone = "UIInterfaceOrientationPortrait UIInterfaceOrientationLandscapeLeft UIInterfaceOrientationLandscapeRight";
				LD_RUNPATH_SEARCH_PATHS = (
					"$(inherited)",
					"@executable_path/Frameworks",
				);
				MARKETING_VERSION = 1.0;
				PRODUCT_BUNDLE_IDENTIFIER = com.muhammedessa.swifttutorial;
				PRODUCT_NAME = "$(TARGET_NAME)";
				SWIFT_EMIT_LOC_STRINGS = YES;
				SWIFT_VERSION = 5.0;
				TARGETED_DEVICE_FAMILY = "1,2";
			};
			name = Debug;
		};
		531635B32A0D2ACF002CD58A /* Release */ = {
			isa = XCBuildConfiguration;
			buildSettings = {
				ASSETCATALOG_COMPILER_APPICON_NAME = AppIcon;
				ASSETCATALOG_COMPILER_GLOBAL_ACCENT_COLOR_NAME = AccentColor;
				CODE_SIGN_STYLE = Automatic;
				CURRENT_PROJECT_VERSION = 1;
				DEVELOPMENT_ASSET_PATHS = "\"swifttutorial/Preview Content\"";
				ENABLE_PREVIEWS = YES;
				GENERATE_INFOPLIST_FILE = YES;
				INFOPLIST_FILE = swifttutorial/Info.plist;
				INFOPLIST_KEY_UIApplicationSceneManifest_Generation = YES;
				INFOPLIST_KEY_UIApplicationSupportsIndirectInputEvents = YES;
				INFOPLIST_KEY_UILaunchScreen_Generation = YES;
				INFOPLIST_KEY_UILaunchStoryboardName = "Launch Screen.storyboard";
				INFOPLIST_KEY_UISupportedInterfaceOrientations_iPad = "UIInterfaceOrientationPortrait UIInterfaceOrientationPortraitUpsideDown UIInterfaceOrientationLandscapeLeft UIInterfaceOrientationLandscapeRight";
				INFOPLIST_KEY_UISupportedInterfaceOrientations_iPhone = "UIInterfaceOrientationPortrait UIInterfaceOrientationLandscapeLeft UIInterfaceOrientationLandscapeRight";
				LD_RUNPATH_SEARCH_PATHS = (
					"$(inherited)",
					"@executable_path/Frameworks",
				);
				MARKETING_VERSION = 1.0;
				PRODUCT_BUNDLE_IDENTIFIER = com.muhammedessa.swifttutorial;
				PRODUCT_NAME = "$(TARGET_NAME)";
				SWIFT_EMIT_LOC_STRINGS = YES;
				SWIFT_VERSION = 5.0;
				TARGETED_DEVICE_FAMILY = "1,2";
			};
			name = Release;
		};
/* End XCBuildConfiguration section */

/* Begin XCConfigurationList section */
		5316359E2A0D2ACD002CD58A /* Build configuration list for PBXProject "swifttutorial" */ = {
			isa = XCConfigurationList;
			buildConfigurations = (
				531635AF2A0D2ACF002CD58A /* Debug */,
				531635B02A0D2ACF002CD58A /* Release */,
			);
			defaultConfigurationIsVisible = 0;
			defaultConfigurationName = Release;
		};
		531635B12A0D2ACF002CD58A /* Build configuration list for PBXNativeTarget "swifttutorial" */ = {
			isa = XCConfigurationList;
			buildConfigurations = (
				531635B22A0D2ACF002CD58A /* Debug */,
				531635B32A0D2ACF002CD58A /* Release */,
			);
			defaultConfigurationIsVisible = 0;
			defaultConfigurationName = Release;
		};
/* End XCConfigurationList section */
	};
	rootObject = 5316359B2A0D2ACD002CD58A /* Project object */;
}
